// !$*UTF8*$!
{
	archiveVersion = 1;
	classes = {
	};
	objectVersion = 52;
	objects = {

/* Begin PBXBuildFile section */
		FD425BB826653B0C00AA1131 /* AppDelegate.swift in Sources */ = {isa = PBXBuildFile; fileRef = FD425BB726653B0C00AA1131 /* AppDelegate.swift */; };
		FD425BC126653B0F00AA1131 /* Assets.xcassets in Resources */ = {isa = PBXBuildFile; fileRef = FD425BC026653B0F00AA1131 /* Assets.xcassets */; };
		FD425BC426653B0F00AA1131 /* LaunchScreen.storyboard in Resources */ = {isa = PBXBuildFile; fileRef = FD425BC226653B0F00AA1131 /* LaunchScreen.storyboard */; };
		FD425BCF26653B1000AA1131 /* GitSearchTests.swift in Sources */ = {isa = PBXBuildFile; fileRef = FD425BCE26653B1000AA1131 /* GitSearchTests.swift */; };
		FD425C3026653CF700AA1131 /* NibBackedView.swift in Sources */ = {isa = PBXBuildFile; fileRef = FD425C1726653CF700AA1131 /* NibBackedView.swift */; };
		FD425C3426653CF700AA1131 /* UIScrollView+refresh.swift in Sources */ = {isa = PBXBuildFile; fileRef = FD425C1C26653CF700AA1131 /* UIScrollView+refresh.swift */; };
		FD425C3526653CF700AA1131 /* DesignableView.swift in Sources */ = {isa = PBXBuildFile; fileRef = FD425C1D26653CF700AA1131 /* DesignableView.swift */; };
		FD425C44266540FB00AA1131 /* PromiseKit in Frameworks */ = {isa = PBXBuildFile; productRef = FD425C43266540FB00AA1131 /* PromiseKit */; };
		FD425C4726654AF100AA1131 /* PMKFoundation in Frameworks */ = {isa = PBXBuildFile; productRef = FD425C4626654AF100AA1131 /* PMKFoundation */; };
		FD425C5F266554CA00AA1131 /* RepoListModule.swift in Sources */ = {isa = PBXBuildFile; fileRef = FD425C55266554CA00AA1131 /* RepoListModule.swift */; };
		FD425C60266554CA00AA1131 /* RepoListPresenter.swift in Sources */ = {isa = PBXBuildFile; fileRef = FD425C57266554CA00AA1131 /* RepoListPresenter.swift */; };
		FD425C61266554CA00AA1131 /* RepoListView.swift in Sources */ = {isa = PBXBuildFile; fileRef = FD425C59266554CA00AA1131 /* RepoListView.swift */; };
		FD425C62266554CA00AA1131 /* RepoListViewController.swift in Sources */ = {isa = PBXBuildFile; fileRef = FD425C5A266554CA00AA1131 /* RepoListViewController.swift */; };
		FD425C63266554CA00AA1131 /* RepoListInteractor.swift in Sources */ = {isa = PBXBuildFile; fileRef = FD425C5C266554CA00AA1131 /* RepoListInteractor.swift */; };
		FD425C64266554CA00AA1131 /* RepoListRouter.swift in Sources */ = {isa = PBXBuildFile; fileRef = FD425C5E266554CA00AA1131 /* RepoListRouter.swift */; };
		FD425C70266557DC00AA1131 /* ApiService.swift in Sources */ = {isa = PBXBuildFile; fileRef = FD425C67266557DC00AA1131 /* ApiService.swift */; };
		FD425C71266557DC00AA1131 /* ApiConfig.swift in Sources */ = {isa = PBXBuildFile; fileRef = FD425C68266557DC00AA1131 /* ApiConfig.swift */; };
		FD425C72266557DC00AA1131 /* HttpMethod.swift in Sources */ = {isa = PBXBuildFile; fileRef = FD425C6A266557DC00AA1131 /* HttpMethod.swift */; };
		FD425C73266557DC00AA1131 /* HttpHeader.swift in Sources */ = {isa = PBXBuildFile; fileRef = FD425C6B266557DC00AA1131 /* HttpHeader.swift */; };
		FD425C74266557DC00AA1131 /* Request.swift in Sources */ = {isa = PBXBuildFile; fileRef = FD425C6C266557DC00AA1131 /* Request.swift */; };
		FD425C75266557DC00AA1131 /* URLRequestBuilder.swift in Sources */ = {isa = PBXBuildFile; fileRef = FD425C6E266557DC00AA1131 /* URLRequestBuilder.swift */; };
		FD425C782665955C00AA1131 /* Repository.swift in Sources */ = {isa = PBXBuildFile; fileRef = FD425C772665955C00AA1131 /* Repository.swift */; };
		FD425C7B266595C700AA1131 /* RepositorySearchResults.swift in Sources */ = {isa = PBXBuildFile; fileRef = FD425C7A266595C700AA1131 /* RepositorySearchResults.swift */; };
		FD425C7D2665B62F00AA1131 /* GetSearchRepositoriesRequest.swift in Sources */ = {isa = PBXBuildFile; fileRef = FD425C7C2665B62F00AA1131 /* GetSearchRepositoriesRequest.swift */; };
		FD425C7F2665B72D00AA1131 /* SortMethod.swift in Sources */ = {isa = PBXBuildFile; fileRef = FD425C7E2665B72D00AA1131 /* SortMethod.swift */; };
		FD425C822665B79E00AA1131 /* Order.swift in Sources */ = {isa = PBXBuildFile; fileRef = FD425C812665B79E00AA1131 /* Order.swift */; };
		FD425C842666662500AA1131 /* String+Utils.swift in Sources */ = {isa = PBXBuildFile; fileRef = FD425C832666662500AA1131 /* String+Utils.swift */; };
/* End PBXBuildFile section */

/* Begin PBXContainerItemProxy section */
		FD425BCB26653B1000AA1131 /* PBXContainerItemProxy */ = {
			isa = PBXContainerItemProxy;
			containerPortal = FD425BAC26653B0C00AA1131 /* Project object */;
			proxyType = 1;
			remoteGlobalIDString = FD425BB326653B0C00AA1131;
			remoteInfo = GitSearch;
		};
/* End PBXContainerItemProxy section */

/* Begin PBXFileReference section */
		FD425BB426653B0C00AA1131 /* GitSearch.app */ = {isa = PBXFileReference; explicitFileType = wrapper.application; includeInIndex = 0; path = GitSearch.app; sourceTree = BUILT_PRODUCTS_DIR; };
		FD425BB726653B0C00AA1131 /* AppDelegate.swift */ = {isa = PBXFileReference; lastKnownFileType = sourcecode.swift; path = AppDelegate.swift; sourceTree = "<group>"; };
		FD425BC026653B0F00AA1131 /* Assets.xcassets */ = {isa = PBXFileReference; lastKnownFileType = folder.assetcatalog; path = Assets.xcassets; sourceTree = "<group>"; };
		FD425BC326653B0F00AA1131 /* Base */ = {isa = PBXFileReference; lastKnownFileType = file.storyboard; name = Base; path = Base.lproj/LaunchScreen.storyboard; sourceTree = "<group>"; };
		FD425BC526653B0F00AA1131 /* Info.plist */ = {isa = PBXFileReference; lastKnownFileType = text.plist.xml; path = Info.plist; sourceTree = "<group>"; };
		FD425BCA26653B1000AA1131 /* GitSearchTests.xctest */ = {isa = PBXFileReference; explicitFileType = wrapper.cfbundle; includeInIndex = 0; path = GitSearchTests.xctest; sourceTree = BUILT_PRODUCTS_DIR; };
		FD425BCE26653B1000AA1131 /* GitSearchTests.swift */ = {isa = PBXFileReference; lastKnownFileType = sourcecode.swift; path = GitSearchTests.swift; sourceTree = "<group>"; };
		FD425BD026653B1000AA1131 /* Info.plist */ = {isa = PBXFileReference; lastKnownFileType = text.plist.xml; path = Info.plist; sourceTree = "<group>"; };
		FD425C1726653CF700AA1131 /* NibBackedView.swift */ = {isa = PBXFileReference; fileEncoding = 4; lastKnownFileType = sourcecode.swift; path = NibBackedView.swift; sourceTree = "<group>"; };
		FD425C1C26653CF700AA1131 /* UIScrollView+refresh.swift */ = {isa = PBXFileReference; fileEncoding = 4; lastKnownFileType = sourcecode.swift; path = "UIScrollView+refresh.swift"; sourceTree = "<group>"; };
		FD425C1D26653CF700AA1131 /* DesignableView.swift */ = {isa = PBXFileReference; fileEncoding = 4; lastKnownFileType = sourcecode.swift; path = DesignableView.swift; sourceTree = "<group>"; };
		FD425C55266554CA00AA1131 /* RepoListModule.swift */ = {isa = PBXFileReference; fileEncoding = 4; lastKnownFileType = sourcecode.swift; path = RepoListModule.swift; sourceTree = "<group>"; };
		FD425C57266554CA00AA1131 /* RepoListPresenter.swift */ = {isa = PBXFileReference; fileEncoding = 4; lastKnownFileType = sourcecode.swift; path = RepoListPresenter.swift; sourceTree = "<group>"; };
		FD425C59266554CA00AA1131 /* RepoListView.swift */ = {isa = PBXFileReference; fileEncoding = 4; lastKnownFileType = sourcecode.swift; path = RepoListView.swift; sourceTree = "<group>"; };
		FD425C5A266554CA00AA1131 /* RepoListViewController.swift */ = {isa = PBXFileReference; fileEncoding = 4; lastKnownFileType = sourcecode.swift; path = RepoListViewController.swift; sourceTree = "<group>"; };
		FD425C5C266554CA00AA1131 /* RepoListInteractor.swift */ = {isa = PBXFileReference; fileEncoding = 4; lastKnownFileType = sourcecode.swift; path = RepoListInteractor.swift; sourceTree = "<group>"; };
		FD425C5E266554CA00AA1131 /* RepoListRouter.swift */ = {isa = PBXFileReference; fileEncoding = 4; lastKnownFileType = sourcecode.swift; path = RepoListRouter.swift; sourceTree = "<group>"; };
		FD425C67266557DC00AA1131 /* ApiService.swift */ = {isa = PBXFileReference; fileEncoding = 4; lastKnownFileType = sourcecode.swift; path = ApiService.swift; sourceTree = "<group>"; };
		FD425C68266557DC00AA1131 /* ApiConfig.swift */ = {isa = PBXFileReference; fileEncoding = 4; lastKnownFileType = sourcecode.swift; path = ApiConfig.swift; sourceTree = "<group>"; };
		FD425C6A266557DC00AA1131 /* HttpMethod.swift */ = {isa = PBXFileReference; fileEncoding = 4; lastKnownFileType = sourcecode.swift; path = HttpMethod.swift; sourceTree = "<group>"; };
		FD425C6B266557DC00AA1131 /* HttpHeader.swift */ = {isa = PBXFileReference; fileEncoding = 4; lastKnownFileType = sourcecode.swift; path = HttpHeader.swift; sourceTree = "<group>"; };
		FD425C6C266557DC00AA1131 /* Request.swift */ = {isa = PBXFileReference; fileEncoding = 4; lastKnownFileType = sourcecode.swift; path = Request.swift; sourceTree = "<group>"; };
		FD425C6E266557DC00AA1131 /* URLRequestBuilder.swift */ = {isa = PBXFileReference; fileEncoding = 4; lastKnownFileType = sourcecode.swift; path = URLRequestBuilder.swift; sourceTree = "<group>"; };
		FD425C772665955C00AA1131 /* Repository.swift */ = {isa = PBXFileReference; lastKnownFileType = sourcecode.swift; path = Repository.swift; sourceTree = "<group>"; };
		FD425C7A266595C700AA1131 /* RepositorySearchResults.swift */ = {isa = PBXFileReference; lastKnownFileType = sourcecode.swift; path = RepositorySearchResults.swift; sourceTree = "<group>"; };
		FD425C7C2665B62F00AA1131 /* GetSearchRepositoriesRequest.swift */ = {isa = PBXFileReference; lastKnownFileType = sourcecode.swift; path = GetSearchRepositoriesRequest.swift; sourceTree = "<group>"; };
		FD425C7E2665B72D00AA1131 /* SortMethod.swift */ = {isa = PBXFileReference; lastKnownFileType = sourcecode.swift; path = SortMethod.swift; sourceTree = "<group>"; };
		FD425C812665B79E00AA1131 /* Order.swift */ = {isa = PBXFileReference; lastKnownFileType = sourcecode.swift; path = Order.swift; sourceTree = "<group>"; };
		FD425C832666662500AA1131 /* String+Utils.swift */ = {isa = PBXFileReference; fileEncoding = 4; lastKnownFileType = sourcecode.swift; path = "String+Utils.swift"; sourceTree = "<group>"; };
/* End PBXFileReference section */

/* Begin PBXFrameworksBuildPhase section */
		FD425BB126653B0C00AA1131 /* Frameworks */ = {
			isa = PBXFrameworksBuildPhase;
			buildActionMask = 2147483647;
			files = (
				FD425C4726654AF100AA1131 /* PMKFoundation in Frameworks */,
				FD425C44266540FB00AA1131 /* PromiseKit in Frameworks */,
			);
			runOnlyForDeploymentPostprocessing = 0;
		};
		FD425BC726653B1000AA1131 /* Frameworks */ = {
			isa = PBXFrameworksBuildPhase;
			buildActionMask = 2147483647;
			files = (
			);
			runOnlyForDeploymentPostprocessing = 0;
		};
/* End PBXFrameworksBuildPhase section */

/* Begin PBXGroup section */
		FD425BAB26653B0C00AA1131 = {
			isa = PBXGroup;
			children = (
				FD425BB626653B0C00AA1131 /* GitSearch */,
				FD425BCD26653B1000AA1131 /* GitSearchTests */,
				FD425BB526653B0C00AA1131 /* Products */,
			);
			sourceTree = "<group>";
		};
		FD425BB526653B0C00AA1131 /* Products */ = {
			isa = PBXGroup;
			children = (
				FD425BB426653B0C00AA1131 /* GitSearch.app */,
				FD425BCA26653B1000AA1131 /* GitSearchTests.xctest */,
			);
			name = Products;
			sourceTree = "<group>";
		};
		FD425BB626653B0C00AA1131 /* GitSearch */ = {
			isa = PBXGroup;
			children = (
				FD425BE826653CD300AA1131 /* Modules */,
				FD425C1F26653CF700AA1131 /* Services */,
				FD425C1626653CF700AA1131 /* Utilities */,
				FD425BE726653CA600AA1131 /* Supporting Files */,
			);
			path = GitSearch;
			sourceTree = "<group>";
		};
		FD425BCD26653B1000AA1131 /* GitSearchTests */ = {
			isa = PBXGroup;
			children = (
				FD425BCE26653B1000AA1131 /* GitSearchTests.swift */,
				FD425C4B26654C6100AA1131 /* Supporting Files */,
			);
			path = GitSearchTests;
			sourceTree = "<group>";
		};
		FD425BE726653CA600AA1131 /* Supporting Files */ = {
			isa = PBXGroup;
			children = (
				FD425BB726653B0C00AA1131 /* AppDelegate.swift */,
				FD425BC026653B0F00AA1131 /* Assets.xcassets */,
				FD425BC226653B0F00AA1131 /* LaunchScreen.storyboard */,
				FD425BC526653B0F00AA1131 /* Info.plist */,
			);
			path = "Supporting Files";
			sourceTree = "<group>";
		};
		FD425BE826653CD300AA1131 /* Modules */ = {
			isa = PBXGroup;
			children = (
				FD425C54266554CA00AA1131 /* RepoList */,
			);
			path = Modules;
			sourceTree = "<group>";
		};
		FD425C1626653CF700AA1131 /* Utilities */ = {
			isa = PBXGroup;
			children = (
				FD425C1926653CF700AA1131 /* Extensions */,
				FD425C1726653CF700AA1131 /* NibBackedView.swift */,
				FD425C1D26653CF700AA1131 /* DesignableView.swift */,
			);
			path = Utilities;
			sourceTree = "<group>";
		};
		FD425C1926653CF700AA1131 /* Extensions */ = {
			isa = PBXGroup;
			children = (
				FD425C832666662500AA1131 /* String+Utils.swift */,
				FD425C1C26653CF700AA1131 /* UIScrollView+refresh.swift */,
			);
			path = Extensions;
			sourceTree = "<group>";
		};
		FD425C1F26653CF700AA1131 /* Services */ = {
			isa = PBXGroup;
			children = (
				FD425C65266557DC00AA1131 /* Api */,
			);
			path = Services;
			sourceTree = "<group>";
		};
		FD425C4B26654C6100AA1131 /* Supporting Files */ = {
			isa = PBXGroup;
			children = (
				FD425BD026653B1000AA1131 /* Info.plist */,
			);
			path = "Supporting Files";
			sourceTree = "<group>";
		};
		FD425C54266554CA00AA1131 /* RepoList */ = {
			isa = PBXGroup;
			children = (
				FD425C58266554CA00AA1131 /* View */,
				FD425C5B266554CA00AA1131 /* Interactor */,
				FD425C56266554CA00AA1131 /* Presenter */,
				FD425C762665952D00AA1131 /* Entities */,
				FD425C5D266554CA00AA1131 /* Router */,
				FD425C55266554CA00AA1131 /* RepoListModule.swift */,
			);
			path = RepoList;
			sourceTree = "<group>";
		};
		FD425C56266554CA00AA1131 /* Presenter */ = {
			isa = PBXGroup;
			children = (
				FD425C57266554CA00AA1131 /* RepoListPresenter.swift */,
			);
			path = Presenter;
			sourceTree = "<group>";
		};
		FD425C58266554CA00AA1131 /* View */ = {
			isa = PBXGroup;
			children = (
				FD425C59266554CA00AA1131 /* RepoListView.swift */,
				FD425C5A266554CA00AA1131 /* RepoListViewController.swift */,
			);
			path = View;
			sourceTree = "<group>";
		};
		FD425C5B266554CA00AA1131 /* Interactor */ = {
			isa = PBXGroup;
			children = (
				FD425C5C266554CA00AA1131 /* RepoListInteractor.swift */,
			);
			path = Interactor;
			sourceTree = "<group>";
		};
		FD425C5D266554CA00AA1131 /* Router */ = {
			isa = PBXGroup;
			children = (
				FD425C5E266554CA00AA1131 /* RepoListRouter.swift */,
			);
			path = Router;
			sourceTree = "<group>";
		};
		FD425C65266557DC00AA1131 /* Api */ = {
			isa = PBXGroup;
			children = (
				FD425C69266557DC00AA1131 /* Request */,
				FD425C67266557DC00AA1131 /* ApiService.swift */,
				FD425C68266557DC00AA1131 /* ApiConfig.swift */,
			);
			path = Api;
			sourceTree = "<group>";
		};
		FD425C69266557DC00AA1131 /* Request */ = {
			isa = PBXGroup;
			children = (
				FD425C6D266557DC00AA1131 /* Builder */,
				FD425C6A266557DC00AA1131 /* HttpMethod.swift */,
				FD425C6B266557DC00AA1131 /* HttpHeader.swift */,
				FD425C6C266557DC00AA1131 /* Request.swift */,
			);
			path = Request;
			sourceTree = "<group>";
		};
		FD425C6D266557DC00AA1131 /* Builder */ = {
			isa = PBXGroup;
			children = (
				FD425C6E266557DC00AA1131 /* URLRequestBuilder.swift */,
			);
			path = Builder;
			sourceTree = "<group>";
		};
		FD425C762665952D00AA1131 /* Entities */ = {
			isa = PBXGroup;
			children = (
				FD425C802665B74900AA1131 /* Request */,
				FD425C772665955C00AA1131 /* Repository.swift */,
				FD425C7E2665B72D00AA1131 /* SortMethod.swift */,
				FD425C812665B79E00AA1131 /* Order.swift */,
			);
			path = Entities;
			sourceTree = "<group>";
		};
		FD425C802665B74900AA1131 /* Request */ = {
			isa = PBXGroup;
			children = (
				FD425C7A266595C700AA1131 /* RepositorySearchResults.swift */,
				FD425C7C2665B62F00AA1131 /* GetSearchRepositoriesRequest.swift */,
			);
			path = Request;
			sourceTree = "<group>";
		};
/* End PBXGroup section */

/* Begin PBXNativeTarget section */
		FD425BB326653B0C00AA1131 /* GitSearch */ = {
			isa = PBXNativeTarget;
			buildConfigurationList = FD425BDE26653B1000AA1131 /* Build configuration list for PBXNativeTarget "GitSearch" */;
			buildPhases = (
				FD425BB026653B0C00AA1131 /* Sources */,
				FD425BB126653B0C00AA1131 /* Frameworks */,
				FD425BB226653B0C00AA1131 /* Resources */,
			);
			buildRules = (
			);
			dependencies = (
			);
			name = GitSearch;
			packageProductDependencies = (
				FD425C43266540FB00AA1131 /* PromiseKit */,
				FD425C4626654AF100AA1131 /* PMKFoundation */,
			);
			productName = GitSearch;
			productReference = FD425BB426653B0C00AA1131 /* GitSearch.app */;
			productType = "com.apple.product-type.application";
		};
		FD425BC926653B1000AA1131 /* GitSearchTests */ = {
			isa = PBXNativeTarget;
			buildConfigurationList = FD425BE126653B1000AA1131 /* Build configuration list for PBXNativeTarget "GitSearchTests" */;
			buildPhases = (
				FD425BC626653B1000AA1131 /* Sources */,
				FD425BC726653B1000AA1131 /* Frameworks */,
				FD425BC826653B1000AA1131 /* Resources */,
			);
			buildRules = (
			);
			dependencies = (
				FD425BCC26653B1000AA1131 /* PBXTargetDependency */,
			);
			name = GitSearchTests;
			productName = GitSearchTests;
			productReference = FD425BCA26653B1000AA1131 /* GitSearchTests.xctest */;
			productType = "com.apple.product-type.bundle.unit-test";
		};
/* End PBXNativeTarget section */

/* Begin PBXProject section */
		FD425BAC26653B0C00AA1131 /* Project object */ = {
			isa = PBXProject;
			attributes = {
				LastSwiftUpdateCheck = 1250;
				LastUpgradeCheck = 1250;
				TargetAttributes = {
					FD425BB326653B0C00AA1131 = {
						CreatedOnToolsVersion = 12.5;
					};
					FD425BC926653B1000AA1131 = {
						CreatedOnToolsVersion = 12.5;
						TestTargetID = FD425BB326653B0C00AA1131;
					};
				};
			};
			buildConfigurationList = FD425BAF26653B0C00AA1131 /* Build configuration list for PBXProject "GitSearch" */;
			compatibilityVersion = "Xcode 9.3";
			developmentRegion = en;
			hasScannedForEncodings = 0;
			knownRegions = (
				en,
				Base,
			);
			mainGroup = FD425BAB26653B0C00AA1131;
			packageReferences = (
				FD425C42266540FB00AA1131 /* XCRemoteSwiftPackageReference "PromiseKit" */,
				FD425C4526654AF100AA1131 /* XCRemoteSwiftPackageReference "Foundation" */,
			);
			productRefGroup = FD425BB526653B0C00AA1131 /* Products */;
			projectDirPath = "";
			projectRoot = "";
			targets = (
				FD425BB326653B0C00AA1131 /* GitSearch */,
				FD425BC926653B1000AA1131 /* GitSearchTests */,
			);
		};
/* End PBXProject section */

/* Begin PBXResourcesBuildPhase section */
		FD425BB226653B0C00AA1131 /* Resources */ = {
			isa = PBXResourcesBuildPhase;
			buildActionMask = 2147483647;
			files = (
				FD425BC426653B0F00AA1131 /* LaunchScreen.storyboard in Resources */,
				FD425BC126653B0F00AA1131 /* Assets.xcassets in Resources */,
			);
			runOnlyForDeploymentPostprocessing = 0;
		};
		FD425BC826653B1000AA1131 /* Resources */ = {
			isa = PBXResourcesBuildPhase;
			buildActionMask = 2147483647;
			files = (
			);
			runOnlyForDeploymentPostprocessing = 0;
		};
/* End PBXResourcesBuildPhase section */

/* Begin PBXSourcesBuildPhase section */
		FD425BB026653B0C00AA1131 /* Sources */ = {
			isa = PBXSourcesBuildPhase;
			buildActionMask = 2147483647;
			files = (
				FD425C842666662500AA1131 /* String+Utils.swift in Sources */,
				FD425C62266554CA00AA1131 /* RepoListViewController.swift in Sources */,
				FD425C5F266554CA00AA1131 /* RepoListModule.swift in Sources */,
				FD425C61266554CA00AA1131 /* RepoListView.swift in Sources */,
				FD425C75266557DC00AA1131 /* URLRequestBuilder.swift in Sources */,
				FD425C7B266595C700AA1131 /* RepositorySearchResults.swift in Sources */,
				FD425C3426653CF700AA1131 /* UIScrollView+refresh.swift in Sources */,
				FD425C822665B79E00AA1131 /* Order.swift in Sources */,
				FD425C60266554CA00AA1131 /* RepoListPresenter.swift in Sources */,
				FD425C3526653CF700AA1131 /* DesignableView.swift in Sources */,
				FD425C64266554CA00AA1131 /* RepoListRouter.swift in Sources */,
				FD425C63266554CA00AA1131 /* RepoListInteractor.swift in Sources */,
				FD425C70266557DC00AA1131 /* ApiService.swift in Sources */,
				FD425C7D2665B62F00AA1131 /* GetSearchRepositoriesRequest.swift in Sources */,
				FD425C7F2665B72D00AA1131 /* SortMethod.swift in Sources */,
				FD425BB826653B0C00AA1131 /* AppDelegate.swift in Sources */,
				FD425C72266557DC00AA1131 /* HttpMethod.swift in Sources */,
				FD425C782665955C00AA1131 /* Repository.swift in Sources */,
				FD425C71266557DC00AA1131 /* ApiConfig.swift in Sources */,
				FD425C74266557DC00AA1131 /* Request.swift in Sources */,
				FD425C3026653CF700AA1131 /* NibBackedView.swift in Sources */,
				FD425C73266557DC00AA1131 /* HttpHeader.swift in Sources */,
			);
			runOnlyForDeploymentPostprocessing = 0;
		};
		FD425BC626653B1000AA1131 /* Sources */ = {
			isa = PBXSourcesBuildPhase;
			buildActionMask = 2147483647;
			files = (
				FD425BCF26653B1000AA1131 /* GitSearchTests.swift in Sources */,
			);
			runOnlyForDeploymentPostprocessing = 0;
		};
/* End PBXSourcesBuildPhase section */

/* Begin PBXTargetDependency section */
		FD425BCC26653B1000AA1131 /* PBXTargetDependency */ = {
			isa = PBXTargetDependency;
			target = FD425BB326653B0C00AA1131 /* GitSearch */;
			targetProxy = FD425BCB26653B1000AA1131 /* PBXContainerItemProxy */;
		};
/* End PBXTargetDependency section */

/* Begin PBXVariantGroup section */
		FD425BC226653B0F00AA1131 /* LaunchScreen.storyboard */ = {
			isa = PBXVariantGroup;
			children = (
				FD425BC326653B0F00AA1131 /* Base */,
			);
			name = LaunchScreen.storyboard;
			sourceTree = "<group>";
		};
/* End PBXVariantGroup section */

/* Begin XCBuildConfiguration section */
		FD425BDC26653B1000AA1131 /* Debug */ = {
			isa = XCBuildConfiguration;
			buildSettings = {
				ALWAYS_SEARCH_USER_PATHS = NO;
				CLANG_ANALYZER_NONNULL = YES;
				CLANG_ANALYZER_NUMBER_OBJECT_CONVERSION = YES_AGGRESSIVE;
				CLANG_CXX_LANGUAGE_STANDARD = "gnu++14";
				CLANG_CXX_LIBRARY = "libc++";
				CLANG_ENABLE_MODULES = YES;
				CLANG_ENABLE_OBJC_ARC = YES;
				CLANG_ENABLE_OBJC_WEAK = YES;
				CLANG_WARN_BLOCK_CAPTURE_AUTORELEASING = YES;
				CLANG_WARN_BOOL_CONVERSION = YES;
				CLANG_WARN_COMMA = YES;
				CLANG_WARN_CONSTANT_CONVERSION = YES;
				CLANG_WARN_DEPRECATED_OBJC_IMPLEMENTATIONS = YES;
				CLANG_WARN_DIRECT_OBJC_ISA_USAGE = YES_ERROR;
				CLANG_WARN_DOCUMENTATION_COMMENTS = YES;
				CLANG_WARN_EMPTY_BODY = YES;
				CLANG_WARN_ENUM_CONVERSION = YES;
				CLANG_WARN_INFINITE_RECURSION = YES;
				CLANG_WARN_INT_CONVERSION = YES;
				CLANG_WARN_NON_LITERAL_NULL_CONVERSION = YES;
				CLANG_WARN_OBJC_IMPLICIT_RETAIN_SELF = YES;
				CLANG_WARN_OBJC_LITERAL_CONVERSION = YES;
				CLANG_WARN_OBJC_ROOT_CLASS = YES_ERROR;
				CLANG_WARN_QUOTED_INCLUDE_IN_FRAMEWORK_HEADER = YES;
				CLANG_WARN_RANGE_LOOP_ANALYSIS = YES;
				CLANG_WARN_STRICT_PROTOTYPES = YES;
				CLANG_WARN_SUSPICIOUS_MOVE = YES;
				CLANG_WARN_UNGUARDED_AVAILABILITY = YES_AGGRESSIVE;
				CLANG_WARN_UNREACHABLE_CODE = YES;
				CLANG_WARN__DUPLICATE_METHOD_MATCH = YES;
				COPY_PHASE_STRIP = NO;
				DEBUG_INFORMATION_FORMAT = dwarf;
				ENABLE_STRICT_OBJC_MSGSEND = YES;
				ENABLE_TESTABILITY = YES;
				GCC_C_LANGUAGE_STANDARD = gnu11;
				GCC_DYNAMIC_NO_PIC = NO;
				GCC_NO_COMMON_BLOCKS = YES;
				GCC_OPTIMIZATION_LEVEL = 0;
				GCC_PREPROCESSOR_DEFINITIONS = (
					"DEBUG=1",
					"$(inherited)",
				);
				GCC_WARN_64_TO_32_BIT_CONVERSION = YES;
				GCC_WARN_ABOUT_RETURN_TYPE = YES_ERROR;
				GCC_WARN_UNDECLARED_SELECTOR = YES;
				GCC_WARN_UNINITIALIZED_AUTOS = YES_AGGRESSIVE;
				GCC_WARN_UNUSED_FUNCTION = YES;
				GCC_WARN_UNUSED_VARIABLE = YES;
				IPHONEOS_DEPLOYMENT_TARGET = 14.5;
				MTL_ENABLE_DEBUG_INFO = INCLUDE_SOURCE;
				MTL_FAST_MATH = YES;
				ONLY_ACTIVE_ARCH = YES;
				SDKROOT = iphoneos;
				SWIFT_ACTIVE_COMPILATION_CONDITIONS = DEBUG;
				SWIFT_OPTIMIZATION_LEVEL = "-Onone";
			};
			name = Debug;
		};
		FD425BDD26653B1000AA1131 /* Release */ = {
			isa = XCBuildConfiguration;
			buildSettings = {
				ALWAYS_SEARCH_USER_PATHS = NO;
				CLANG_ANALYZER_NONNULL = YES;
				CLANG_ANALYZER_NUMBER_OBJECT_CONVERSION = YES_AGGRESSIVE;
				CLANG_CXX_LANGUAGE_STANDARD = "gnu++14";
				CLANG_CXX_LIBRARY = "libc++";
				CLANG_ENABLE_MODULES = YES;
				CLANG_ENABLE_OBJC_ARC = YES;
				CLANG_ENABLE_OBJC_WEAK = YES;
				CLANG_WARN_BLOCK_CAPTURE_AUTORELEASING = YES;
				CLANG_WARN_BOOL_CONVERSION = YES;
				CLANG_WARN_COMMA = YES;
				CLANG_WARN_CONSTANT_CONVERSION = YES;
				CLANG_WARN_DEPRECATED_OBJC_IMPLEMENTATIONS = YES;
				CLANG_WARN_DIRECT_OBJC_ISA_USAGE = YES_ERROR;
				CLANG_WARN_DOCUMENTATION_COMMENTS = YES;
				CLANG_WARN_EMPTY_BODY = YES;
				CLANG_WARN_ENUM_CONVERSION = YES;
				CLANG_WARN_INFINITE_RECURSION = YES;
				CLANG_WARN_INT_CONVERSION = YES;
				CLANG_WARN_NON_LITERAL_NULL_CONVERSION = YES;
				CLANG_WARN_OBJC_IMPLICIT_RETAIN_SELF = YES;
				CLANG_WARN_OBJC_LITERAL_CONVERSION = YES;
				CLANG_WARN_OBJC_ROOT_CLASS = YES_ERROR;
				CLANG_WARN_QUOTED_INCLUDE_IN_FRAMEWORK_HEADER = YES;
				CLANG_WARN_RANGE_LOOP_ANALYSIS = YES;
				CLANG_WARN_STRICT_PROTOTYPES = YES;
				CLANG_WARN_SUSPICIOUS_MOVE = YES;
				CLANG_WARN_UNGUARDED_AVAILABILITY = YES_AGGRESSIVE;
				CLANG_WARN_UNREACHABLE_CODE = YES;
				CLANG_WARN__DUPLICATE_METHOD_MATCH = YES;
				COPY_PHASE_STRIP = NO;
				DEBUG_INFORMATION_FORMAT = "dwarf-with-dsym";
				ENABLE_NS_ASSERTIONS = NO;
				ENABLE_STRICT_OBJC_MSGSEND = YES;
				GCC_C_LANGUAGE_STANDARD = gnu11;
				GCC_NO_COMMON_BLOCKS = YES;
				GCC_WARN_64_TO_32_BIT_CONVERSION = YES;
				GCC_WARN_ABOUT_RETURN_TYPE = YES_ERROR;
				GCC_WARN_UNDECLARED_SELECTOR = YES;
				GCC_WARN_UNINITIALIZED_AUTOS = YES_AGGRESSIVE;
				GCC_WARN_UNUSED_FUNCTION = YES;
				GCC_WARN_UNUSED_VARIABLE = YES;
				IPHONEOS_DEPLOYMENT_TARGET = 14.5;
				MTL_ENABLE_DEBUG_INFO = NO;
				MTL_FAST_MATH = YES;
				SDKROOT = iphoneos;
				SWIFT_COMPILATION_MODE = wholemodule;
				SWIFT_OPTIMIZATION_LEVEL = "-O";
				VALIDATE_PRODUCT = YES;
			};
			name = Release;
		};
		FD425BDF26653B1000AA1131 /* Debug */ = {
			isa = XCBuildConfiguration;
			buildSettings = {
				ASSETCATALOG_COMPILER_APPICON_NAME = AppIcon;
				ASSETCATALOG_COMPILER_GLOBAL_ACCENT_COLOR_NAME = AccentColor;
				CODE_SIGN_STYLE = Automatic;
				INFOPLIST_FILE = "GitSearch/Supporting Files/Info.plist";
				LD_RUNPATH_SEARCH_PATHS = (
					"$(inherited)",
					"@executable_path/Frameworks",
				);
				PRODUCT_BUNDLE_IDENTIFIER = com.bloxidge.GitSearch;
				PRODUCT_NAME = "$(TARGET_NAME)";
				SWIFT_VERSION = 5.0;
				TARGETED_DEVICE_FAMILY = "1,2";
			};
			name = Debug;
		};
		FD425BE026653B1000AA1131 /* Release */ = {
			isa = XCBuildConfiguration;
			buildSettings = {
				ASSETCATALOG_COMPILER_APPICON_NAME = AppIcon;
				ASSETCATALOG_COMPILER_GLOBAL_ACCENT_COLOR_NAME = AccentColor;
				CODE_SIGN_STYLE = Automatic;
				INFOPLIST_FILE = "GitSearch/Supporting Files/Info.plist";
				LD_RUNPATH_SEARCH_PATHS = (
					"$(inherited)",
					"@executable_path/Frameworks",
				);
				PRODUCT_BUNDLE_IDENTIFIER = com.bloxidge.GitSearch;
				PRODUCT_NAME = "$(TARGET_NAME)";
				SWIFT_VERSION = 5.0;
				TARGETED_DEVICE_FAMILY = "1,2";
			};
			name = Release;
		};
		FD425BE226653B1000AA1131 /* Debug */ = {
			isa = XCBuildConfiguration;
			buildSettings = {
				ALWAYS_EMBED_SWIFT_STANDARD_LIBRARIES = YES;
				BUNDLE_LOADER = "$(TEST_HOST)";
				CODE_SIGN_STYLE = Automatic;
				INFOPLIST_FILE = "GitSearchTests/Supporting Files/Info.plist";
				IPHONEOS_DEPLOYMENT_TARGET = 14.5;
				LD_RUNPATH_SEARCH_PATHS = (
					"$(inherited)",
					"@executable_path/Frameworks",
					"@loader_path/Frameworks",
				);
				PRODUCT_BUNDLE_IDENTIFIER = com.bloxidge.GitSearchTests;
				PRODUCT_NAME = "$(TARGET_NAME)";
				SWIFT_VERSION = 5.0;
				TARGETED_DEVICE_FAMILY = "1,2";
				TEST_HOST = "$(BUILT_PRODUCTS_DIR)/GitSearch.app/GitSearch";
			};
			name = Debug;
		};
		FD425BE326653B1000AA1131 /* Release */ = {
			isa = XCBuildConfiguration;
			buildSettings = {
				ALWAYS_EMBED_SWIFT_STANDARD_LIBRARIES = YES;
				BUNDLE_LOADER = "$(TEST_HOST)";
				CODE_SIGN_STYLE = Automatic;
				INFOPLIST_FILE = "GitSearchTests/Supporting Files/Info.plist";
				IPHONEOS_DEPLOYMENT_TARGET = 14.5;
				LD_RUNPATH_SEARCH_PATHS = (
					"$(inherited)",
					"@executable_path/Frameworks",
					"@loader_path/Frameworks",
				);
				PRODUCT_BUNDLE_IDENTIFIER = com.bloxidge.GitSearchTests;
				PRODUCT_NAME = "$(TARGET_NAME)";
				SWIFT_VERSION = 5.0;
				TARGETED_DEVICE_FAMILY = "1,2";
				TEST_HOST = "$(BUILT_PRODUCTS_DIR)/GitSearch.app/GitSearch";
			};
			name = Release;
		};
/* End XCBuildConfiguration section */

/* Begin XCConfigurationList section */
		FD425BAF26653B0C00AA1131 /* Build configuration list for PBXProject "GitSearch" */ = {
			isa = XCConfigurationList;
			buildConfigurations = (
				FD425BDC26653B1000AA1131 /* Debug */,
				FD425BDD26653B1000AA1131 /* Release */,
			);
			defaultConfigurationIsVisible = 0;
			defaultConfigurationName = Release;
		};
		FD425BDE26653B1000AA1131 /* Build configuration list for PBXNativeTarget "GitSearch" */ = {
			isa = XCConfigurationList;
			buildConfigurations = (
				FD425BDF26653B1000AA1131 /* Debug */,
				FD425BE026653B1000AA1131 /* Release */,
			);
			defaultConfigurationIsVisible = 0;
			defaultConfigurationName = Release;
		};
		FD425BE126653B1000AA1131 /* Build configuration list for PBXNativeTarget "GitSearchTests" */ = {
			isa = XCConfigurationList;
			buildConfigurations = (
				FD425BE226653B1000AA1131 /* Debug */,
				FD425BE326653B1000AA1131 /* Release */,
			);
			defaultConfigurationIsVisible = 0;
			defaultConfigurationName = Release;
		};
/* End XCConfigurationList section */

/* Begin XCRemoteSwiftPackageReference section */
		FD425C42266540FB00AA1131 /* XCRemoteSwiftPackageReference "PromiseKit" */ = {
			isa = XCRemoteSwiftPackageReference;
			repositoryURL = "https://github.com/mxcl/PromiseKit";
			requirement = {
				kind = upToNextMajorVersion;
				minimumVersion = 6.15.0;
			};
		};
		FD425C4526654AF100AA1131 /* XCRemoteSwiftPackageReference "Foundation" */ = {
			isa = XCRemoteSwiftPackageReference;
			repositoryURL = "https://github.com/PromiseKit/Foundation.git";
			requirement = {
				kind = upToNextMajorVersion;
				minimumVersion = 3.4.0;
			};
		};
/* End XCRemoteSwiftPackageReference section */

/* Begin XCSwiftPackageProductDependency section */
		FD425C43266540FB00AA1131 /* PromiseKit */ = {
			isa = XCSwiftPackageProductDependency;
			package = FD425C42266540FB00AA1131 /* XCRemoteSwiftPackageReference "PromiseKit" */;
			productName = PromiseKit;
		};
		FD425C4626654AF100AA1131 /* PMKFoundation */ = {
			isa = XCSwiftPackageProductDependency;
			package = FD425C4526654AF100AA1131 /* XCRemoteSwiftPackageReference "Foundation" */;
			productName = PMKFoundation;
		};
/* End XCSwiftPackageProductDependency section */
	};
	rootObject = FD425BAC26653B0C00AA1131 /* Project object */;
}
